// !$*UTF8*$!
{
	archiveVersion = 1;
	classes = {
	};
	objectVersion = 56;
	objects = {

/* Begin PBXBuildFile section */
		100000000000000000000001 /* PhoneSceneCaptureApp.swift in Sources */ = {isa = PBXBuildFile; fileRef = 100000000000000000000101 /* PhoneSceneCaptureApp.swift */; };
		100000000000000000000002 /* ContentView.swift in Sources */ = {isa = PBXBuildFile; fileRef = 100000000000000000000102 /* ContentView.swift */; };
		100000000000000000000003 /* ARRecorder.swift in Sources */ = {isa = PBXBuildFile; fileRef = 100000000000000000000103 /* ARRecorder.swift */; };
		100000000000000000000004 /* FrameWriter.swift in Sources */ = {isa = PBXBuildFile; fileRef = 100000000000000000000104 /* FrameWriter.swift */; };
		100000000000000000000005 /* MatrixJSON.swift in Sources */ = {isa = PBXBuildFile; fileRef = 100000000000000000000105 /* MatrixJSON.swift */; };
		100000000000000000000006 /* MeshPLYWriter.swift in Sources */ = {isa = PBXBuildFile; fileRef = 100000000000000000000106 /* MeshPLYWriter.swift */; };
		100000000000000000000007 /* Assets.xcassets in Resources */ = {isa = PBXBuildFile; fileRef = 100000000000000000000107 /* Assets.xcassets */; };
		100000000000000000000008 /* RoomAnnotationTypes.swift in Sources */ = {isa = PBXBuildFile; fileRef = 100000000000000000000109 /* RoomAnnotationTypes.swift */; };
		100000000000000000000009 /* TopDownMapBuilder.swift in Sources */ = {isa = PBXBuildFile; fileRef = 10000000000000000000010A /* TopDownMapBuilder.swift */; };
		10000000000000000000000A /* RoomAnnotationView.swift in Sources */ = {isa = PBXBuildFile; fileRef = 10000000000000000000010B /* RoomAnnotationView.swift */; };
		10000000000000000000000B /* RoomGTValidator.swift in Sources */ = {isa = PBXBuildFile; fileRef = 10000000000000000000010C /* RoomGTValidator.swift */; };
		10000000000000000000000C /* LabIcon.png in Resources */ = {isa = PBXBuildFile; fileRef = 10000000000000000000010D /* LabIcon.png */; };
		10000000000000000000000D /* SidarLibraryViews.swift in Sources */ = {isa = PBXBuildFile; fileRef = 10000000000000000000010E /* SidarLibraryViews.swift */; };
		10000000000000000000000E /* MeshPreviewTypes.swift in Sources */ = {isa = PBXBuildFile; fileRef = 10000000000000000000010F /* MeshPreviewTypes.swift */; };
		10000000000000000000000F /* MeshPreviewAssetBuilder.swift in Sources */ = {isa = PBXBuildFile; fileRef = 100000000000000000000110 /* MeshPreviewAssetBuilder.swift */; };
		100000000000000000000011 /* MeshPreviewView.swift in Sources */ = {isa = PBXBuildFile; fileRef = 100000000000000000000111 /* MeshPreviewView.swift */; };
/* End PBXBuildFile section */

/* Begin PBXFileReference section */
		100000000000000000000010 /* PhoneSceneCapture.app */ = {isa = PBXFileReference; explicitFileType = wrapper.application; includeInIndex = 0; path = PhoneSceneCapture.app; sourceTree = BUILT_PRODUCTS_DIR; };
		100000000000000000000101 /* PhoneSceneCaptureApp.swift */ = {isa = PBXFileReference; lastKnownFileType = sourcecode.swift; path = PhoneSceneCaptureApp.swift; sourceTree = "<group>"; };
		100000000000000000000102 /* ContentView.swift */ = {isa = PBXFileReference; lastKnownFileType = sourcecode.swift; path = ContentView.swift; sourceTree = "<group>"; };
		100000000000000000000103 /* ARRecorder.swift */ = {isa = PBXFileReference; lastKnownFileType = sourcecode.swift; path = ARRecorder.swift; sourceTree = "<group>"; };
		100000000000000000000104 /* FrameWriter.swift */ = {isa = PBXFileReference; lastKnownFileType = sourcecode.swift; path = FrameWriter.swift; sourceTree = "<group>"; };
		100000000000000000000105 /* MatrixJSON.swift */ = {isa = PBXFileReference; lastKnownFileType = sourcecode.swift; path = MatrixJSON.swift; sourceTree = "<group>"; };
		100000000000000000000106 /* MeshPLYWriter.swift */ = {isa = PBXFileReference; lastKnownFileType = sourcecode.swift; path = MeshPLYWriter.swift; sourceTree = "<group>"; };
		100000000000000000000107 /* Assets.xcassets */ = {isa = PBXFileReference; lastKnownFileType = folder.assetcatalog; path = Assets.xcassets; sourceTree = "<group>"; };
		100000000000000000000108 /* Info.plist */ = {isa = PBXFileReference; lastKnownFileType = text.plist.xml; path = Info.plist; sourceTree = "<group>"; };
		100000000000000000000109 /* RoomAnnotationTypes.swift */ = {isa = PBXFileReference; lastKnownFileType = sourcecode.swift; path = RoomAnnotationTypes.swift; sourceTree = "<group>"; };
		10000000000000000000010A /* TopDownMapBuilder.swift */ = {isa = PBXFileReference; lastKnownFileType = sourcecode.swift; path = TopDownMapBuilder.swift; sourceTree = "<group>"; };
		10000000000000000000010B /* RoomAnnotationView.swift */ = {isa = PBXFileReference; lastKnownFileType = sourcecode.swift; path = RoomAnnotationView.swift; sourceTree = "<group>"; };
		10000000000000000000010C /* RoomGTValidator.swift */ = {isa = PBXFileReference; lastKnownFileType = sourcecode.swift; path = RoomGTValidator.swift; sourceTree = "<group>"; };
		10000000000000000000010D /* LabIcon.png */ = {isa = PBXFileReference; lastKnownFileType = image.png; path = LabIcon.png; sourceTree = "<group>"; };
		10000000000000000000010E /* SidarLibraryViews.swift */ = {isa = PBXFileReference; lastKnownFileType = sourcecode.swift; path = SidarLibraryViews.swift; sourceTree = "<group>"; };
		10000000000000000000010F /* MeshPreviewTypes.swift */ = {isa = PBXFileReference; lastKnownFileType = sourcecode.swift; path = MeshPreviewTypes.swift; sourceTree = "<group>"; };
		100000000000000000000110 /* MeshPreviewAssetBuilder.swift */ = {isa = PBXFileReference; lastKnownFileType = sourcecode.swift; path = MeshPreviewAssetBuilder.swift; sourceTree = "<group>"; };
		100000000000000000000111 /* MeshPreviewView.swift */ = {isa = PBXFileReference; lastKnownFileType = sourcecode.swift; path = MeshPreviewView.swift; sourceTree = "<group>"; };
/* End PBXFileReference section */

/* Begin PBXFrameworksBuildPhase section */
		100000000000000000000020 /* Frameworks */ = {
			isa = PBXFrameworksBuildPhase;
			buildActionMask = 2147483647;
			files = (
			);
			runOnlyForDeploymentPostprocessing = 0;
		};
/* End PBXFrameworksBuildPhase section */

/* Begin PBXGroup section */
		100000000000000000000030 = {
			isa = PBXGroup;
			children = (
				100000000000000000000031 /* PhoneSceneCapture */,
				100000000000000000000032 /* Products */,
			);
			sourceTree = "<group>";
		};
		100000000000000000000031 /* PhoneSceneCapture */ = {
			isa = PBXGroup;
			children = (
				100000000000000000000101 /* PhoneSceneCaptureApp.swift */,
				100000000000000000000102 /* ContentView.swift */,
				100000000000000000000103 /* ARRecorder.swift */,
				100000000000000000000104 /* FrameWriter.swift */,
				100000000000000000000105 /* MatrixJSON.swift */,
				100000000000000000000106 /* MeshPLYWriter.swift */,
				100000000000000000000109 /* RoomAnnotationTypes.swift */,
				10000000000000000000010A /* TopDownMapBuilder.swift */,
				10000000000000000000010B /* RoomAnnotationView.swift */,
				10000000000000000000010C /* RoomGTValidator.swift */,
				10000000000000000000010E /* SidarLibraryViews.swift */,
				10000000000000000000010F /* MeshPreviewTypes.swift */,
				100000000000000000000110 /* MeshPreviewAssetBuilder.swift */,
				100000000000000000000111 /* MeshPreviewView.swift */,
				100000000000000000000107 /* Assets.xcassets */,
				10000000000000000000010D /* LabIcon.png */,
				100000000000000000000108 /* Info.plist */,
			);
			path = PhoneSceneCapture;
			sourceTree = "<group>";
		};
		100000000000000000000032 /* Products */ = {
			isa = PBXGroup;
			children = (
				100000000000000000000010 /* PhoneSceneCapture.app */,
			);
			name = Products;
			sourceTree = "<group>";
		};
/* End PBXGroup section */

/* Begin PBXNativeTarget section */
		100000000000000000000040 /* PhoneSceneCapture */ = {
			isa = PBXNativeTarget;
			buildConfigurationList = 100000000000000000000070 /* Build configuration list for PBXNativeTarget "PhoneSceneCapture" */;
			buildPhases = (
				100000000000000000000050 /* Sources */,
				100000000000000000000020 /* Frameworks */,
				100000000000000000000060 /* Resources */,
			);
			buildRules = (
			);
			dependencies = (
			);
			name = PhoneSceneCapture;
			productName = PhoneSceneCapture;
			productReference = 100000000000000000000010 /* PhoneSceneCapture.app */;
			productType = "com.apple.product-type.application";
		};
/* End PBXNativeTarget section */

/* Begin PBXProject section */
		100000000000000000000080 /* Project object */ = {
			isa = PBXProject;
			attributes = {
				BuildIndependentTargetsInParallel = 1;
				LastSwiftUpdateCheck = 1530;
				LastUpgradeCheck = 2650;
				TargetAttributes = {
					100000000000000000000040 = {
						CreatedOnToolsVersion = 15.3;
					};
				};
			};
			buildConfigurationList = 100000000000000000000090 /* Build configuration list for PBXProject "PhoneSceneCapture" */;
			compatibilityVersion = "Xcode 14.0";
			developmentRegion = en;
			hasScannedForEncodings = 0;
			knownRegions = (
				en,
				Base,
			);
			mainGroup = 100000000000000000000030;
			productRefGroup = 100000000000000000000032 /* Products */;
			projectDirPath = "";
			projectRoot = "";
			targets = (
				100000000000000000000040 /* PhoneSceneCapture */,
			);
		};
/* End PBXProject section */

/* Begin PBXResourcesBuildPhase section */
		100000000000000000000060 /* Resources */ = {
			isa = PBXResourcesBuildPhase;
			buildActionMask = 2147483647;
			files = (
				100000000000000000000007 /* Assets.xcassets in Resources */,
				10000000000000000000000C /* LabIcon.png in Resources */,
			);
			runOnlyForDeploymentPostprocessing = 0;
		};
/* End PBXResourcesBuildPhase section */

/* Begin PBXSourcesBuildPhase section */
		100000000000000000000050 /* Sources */ = {
			isa = PBXSourcesBuildPhase;
			buildActionMask = 2147483647;
			files = (
				100000000000000000000001 /* PhoneSceneCaptureApp.swift in Sources */,
				100000000000000000000002 /* ContentView.swift in Sources */,
				100000000000000000000003 /* ARRecorder.swift in Sources */,
				100000000000000000000004 /* FrameWriter.swift in Sources */,
				100000000000000000000005 /* MatrixJSON.swift in Sources */,
				100000000000000000000006 /* MeshPLYWriter.swift in Sources */,
				100000000000000000000008 /* RoomAnnotationTypes.swift in Sources */,
				100000000000000000000009 /* TopDownMapBuilder.swift in Sources */,
				10000000000000000000000A /* RoomAnnotationView.swift in Sources */,
				10000000000000000000000B /* RoomGTValidator.swift in Sources */,
				10000000000000000000000D /* SidarLibraryViews.swift in Sources */,
				10000000000000000000000E /* MeshPreviewTypes.swift in Sources */,
				10000000000000000000000F /* MeshPreviewAssetBuilder.swift in Sources */,
				100000000000000000000011 /* MeshPreviewView.swift in Sources */,
			);
			runOnlyForDeploymentPostprocessing = 0;
		};
/* End PBXSourcesBuildPhase section */

/* Begin XCBuildConfiguration section */
		100000000000000000000201 /* Debug */ = {
			isa = XCBuildConfiguration;
			buildSettings = {
				ALWAYS_SEARCH_USER_PATHS = NO;
				CLANG_ANALYZER_NONNULL = YES;
				CLANG_ANALYZER_NUMBER_OBJECT_CONVERSION = YES_AGGRESSIVE;
				CLANG_CXX_LANGUAGE_STANDARD = "gnu++20";
				CLANG_ENABLE_MODULES = YES;
				CLANG_ENABLE_OBJC_ARC = YES;
				CLANG_ENABLE_OBJC_WEAK = YES;
				CLANG_WARN_BLOCK_CAPTURE_AUTORELEASING = YES;
				CLANG_WARN_BOOL_CONVERSION = YES;
				CLANG_WARN_COMMA = YES;
				CLANG_WARN_CONSTANT_CONVERSION = YES;
				CLANG_WARN_DEPRECATED_OBJC_IMPLEMENTATIONS = YES;
				CLANG_WARN_DIRECT_OBJC_ISA_USAGE = YES_ERROR;
				CLANG_WARN_DOCUMENTATION_COMMENTS = YES;
				CLANG_WARN_EMPTY_BODY = YES;
				CLANG_WARN_ENUM_CONVERSION = YES;
				CLANG_WARN_INFINITE_RECURSION = YES;
				CLANG_WARN_INT_CONVERSION = YES;
				CLANG_WARN_NON_LITERAL_NULL_CONVERSION = YES;
				CLANG_WARN_OBJC_IMPLICIT_RETAIN_SELF = YES;
				CLANG_WARN_OBJC_LITERAL_CONVERSION = YES;
				CLANG_WARN_OBJC_ROOT_CLASS = YES_ERROR;
				CLANG_WARN_QUOTED_INCLUDE_IN_FRAMEWORK_HEADER = YES;
				CLANG_WARN_RANGE_LOOP_ANALYSIS = YES;
				CLANG_WARN_STRICT_PROTOTYPES = YES;
				CLANG_WARN_SUSPICIOUS_MOVE = YES;
				CLANG_WARN_UNGUARDED_AVAILABILITY = YES_AGGRESSIVE;
				CLANG_WARN_UNREACHABLE_CODE = YES;
				CLANG_WARN__DUPLICATE_METHOD_MATCH = YES;
				COPY_PHASE_STRIP = NO;
				DEBUG_INFORMATION_FORMAT = dwarf;
				DEVELOPMENT_TEAM = 8NZ879V4ZK;
				ENABLE_STRICT_OBJC_MSGSEND = YES;
				ENABLE_TESTABILITY = YES;
				ENABLE_USER_SCRIPT_SANDBOXING = YES;
				GCC_C_LANGUAGE_STANDARD = gnu17;
				GCC_DYNAMIC_NO_PIC = NO;
				GCC_NO_COMMON_BLOCKS = YES;
				GCC_OPTIMIZATION_LEVEL = 0;
				GCC_PREPROCESSOR_DEFINITIONS = (
					"DEBUG=1",
					"$(inherited)",
				);
				GCC_WARN_64_TO_32_BIT_CONVERSION = YES;
				GCC_WARN_ABOUT_RETURN_TYPE = YES_ERROR;
				GCC_WARN_UNDECLARED_SELECTOR = YES;
				GCC_WARN_UNINITIALIZED_AUTOS = YES_AGGRESSIVE;
				GCC_WARN_UNUSED_FUNCTION = YES;
				GCC_WARN_UNUSED_VARIABLE = YES;
				IPHONEOS_DEPLOYMENT_TARGET = 17.0;
				MTL_ENABLE_DEBUG_INFO = INCLUDE_SOURCE;
				MTL_FAST_MATH = YES;
				ONLY_ACTIVE_ARCH = YES;
				SDKROOT = iphoneos;
				STRING_CATALOG_GENERATE_SYMBOLS = YES;
				SWIFT_ACTIVE_COMPILATION_CONDITIONS = DEBUG;
				SWIFT_OPTIMIZATION_LEVEL = "-Onone";
			};
			name = Debug;
		};
		100000000000000000000202 /* Release */ = {
			isa = XCBuildConfiguration;
			buildSettings = {
				ALWAYS_SEARCH_USER_PATHS = NO;
				CLANG_ANALYZER_NONNULL = YES;
				CLANG_ANALYZER_NUMBER_OBJECT_CONVERSION = YES_AGGRESSIVE;
				CLANG_CXX_LANGUAGE_STANDARD = "gnu++20";
				CLANG_ENABLE_MODULES = YES;
				CLANG_ENABLE_OBJC_ARC = YES;
				CLANG_ENABLE_OBJC_WEAK = YES;
				CLANG_WARN_BLOCK_CAPTURE_AUTORELEASING = YES;
				CLANG_WARN_BOOL_CONVERSION = YES;
				CLANG_WARN_COMMA = YES;
				CLANG_WARN_CONSTANT_CONVERSION = YES;
				CLANG_WARN_DEPRECATED_OBJC_IMPLEMENTATIONS = YES;
				CLANG_WARN_DIRECT_OBJC_ISA_USAGE = YES_ERROR;
				CLANG_WARN_DOCUMENTATION_COMMENTS = YES;
				CLANG_WARN_EMPTY_BODY = YES;
				CLANG_WARN_ENUM_CONVERSION = YES;
				CLANG_WARN_INFINITE_RECURSION = YES;
				CLANG_WARN_INT_CONVERSION = YES;
				CLANG_WARN_NON_LITERAL_NULL_CONVERSION = YES_AGGRESSIVE;
				CLANG_WARN_OBJC_IMPLICIT_RETAIN_SELF = YES;
				CLANG_WARN_OBJC_LITERAL_CONVERSION = YES;
				CLANG_WARN_OBJC_ROOT_CLASS = YES_ERROR;
				CLANG_WARN_QUOTED_INCLUDE_IN_FRAMEWORK_HEADER = YES;
				CLANG_WARN_RANGE_LOOP_ANALYSIS = YES;
				CLANG_WARN_STRICT_PROTOTYPES = YES;
				CLANG_WARN_SUSPICIOUS_MOVE = YES;
				CLANG_WARN_UNGUARDED_AVAILABILITY = YES_AGGRESSIVE;
				CLANG_WARN_UNREACHABLE_CODE = YES;
				CLANG_WARN__DUPLICATE_METHOD_MATCH = YES;
				COPY_PHASE_STRIP = NO;
				DEBUG_INFORMATION_FORMAT = "dwarf-with-dsym";
				DEVELOPMENT_TEAM = 8NZ879V4ZK;
				ENABLE_NS_ASSERTIONS = NO;
				ENABLE_STRICT_OBJC_MSGSEND = YES;
				ENABLE_USER_SCRIPT_SANDBOXING = YES;
				GCC_C_LANGUAGE_STANDARD = gnu17;
				GCC_NO_COMMON_BLOCKS = YES;
				GCC_WARN_64_TO_32_BIT_CONVERSION = YES;
				GCC_WARN_ABOUT_RETURN_TYPE = YES_ERROR;
				GCC_WARN_UNDECLARED_SELECTOR = YES;
				GCC_WARN_UNINITIALIZED_AUTOS = YES_AGGRESSIVE;
				GCC_WARN_UNUSED_FUNCTION = YES;
				GCC_WARN_UNUSED_VARIABLE = YES;
				IPHONEOS_DEPLOYMENT_TARGET = 17.0;
				MTL_ENABLE_DEBUG_INFO = NO;
				MTL_FAST_MATH = YES;
				SDKROOT = iphoneos;
				STRING_CATALOG_GENERATE_SYMBOLS = YES;
				SWIFT_COMPILATION_MODE = wholemodule;
				VALIDATE_PRODUCT = YES;
			};
			name = Release;
		};
		100000000000000000000203 /* Debug */ = {
			isa = XCBuildConfiguration;
			buildSettings = {
				ASSETCATALOG_COMPILER_APPICON_NAME = AppIcon;
				CODE_SIGN_STYLE = Automatic;
				CURRENT_PROJECT_VERSION = 2;
				GENERATE_INFOPLIST_FILE = NO;
				INFOPLIST_FILE = PhoneSceneCapture/Info.plist;
				IPHONEOS_DEPLOYMENT_TARGET = 17.0;
				LD_RUNPATH_SEARCH_PATHS = (
					"$(inherited)",
					"@executable_path/Frameworks",
				);
				MARKETING_VERSION = 2.0;
				PRODUCT_BUNDLE_IDENTIFIER = com.siny.phonescenecapture.local;
				PRODUCT_NAME = "$(TARGET_NAME)";
				SIDAR_GIT_COMMIT = development;
				SUPPORTED_PLATFORMS = iphoneos;
				SUPPORTS_MACCATALYST = NO;
				SUPPORTS_MAC_DESIGNED_FOR_IPHONE_IPAD = NO;
				SWIFT_EMIT_LOC_STRINGS = YES;
				SWIFT_VERSION = 5.0;
				TARGETED_DEVICE_FAMILY = 1;
			};
			name = Debug;
		};
		100000000000000000000204 /* Release */ = {
			isa = XCBuildConfiguration;
			buildSettings = {
				ASSETCATALOG_COMPILER_APPICON_NAME = AppIcon;
				CODE_SIGN_STYLE = Automatic;
				CURRENT_PROJECT_VERSION = 2;
				GENERATE_INFOPLIST_FILE = NO;
				INFOPLIST_FILE = PhoneSceneCapture/Info.plist;
				IPHONEOS_DEPLOYMENT_TARGET = 17.0;
				LD_RUNPATH_SEARCH_PATHS = (
					"$(inherited)",
					"@executable_path/Frameworks",
				);
				MARKETING_VERSION = 2.0;
				PRODUCT_BUNDLE_IDENTIFIER = com.siny.phonescenecapture.local;
				PRODUCT_NAME = "$(TARGET_NAME)";
				SIDAR_GIT_COMMIT = development;
				SUPPORTED_PLATFORMS = iphoneos;
				SUPPORTS_MACCATALYST = NO;
				SUPPORTS_MAC_DESIGNED_FOR_IPHONE_IPAD = NO;
				SWIFT_EMIT_LOC_STRINGS = YES;
				SWIFT_VERSION = 5.0;
				TARGETED_DEVICE_FAMILY = 1;
			};
			name = Release;
		};
/* End XCBuildConfiguration section */

/* Begin XCConfigurationList section */
		100000000000000000000070 /* Build configuration list for PBXNativeTarget "PhoneSceneCapture" */ = {
			isa = XCConfigurationList;
			buildConfigurations = (
				100000000000000000000203 /* Debug */,
				100000000000000000000204 /* Release */,
			);
			defaultConfigurationIsVisible = 0;
			defaultConfigurationName = Release;
		};
		100000000000000000000090 /* Build configuration list for PBXProject "PhoneSceneCapture" */ = {
			isa = XCConfigurationList;
			buildConfigurations = (
				100000000000000000000201 /* Debug */,
				100000000000000000000202 /* Release */,
			);
			defaultConfigurationIsVisible = 0;
			defaultConfigurationName = Release;
		};
/* End XCConfigurationList section */
	};
	rootObject = 100000000000000000000080 /* Project object */;
}
